
Microsoft Visual Studio Solution File, Format Version 12.00
# Visual Studio Version 17
VisualStudioVersion = 17.0.32014.148
MinimumVisualStudioVersion = 10.0.40219.1
Project("{FAE04EC0-301F-11D3-BF4B-00C04F79EFBC}") = "WatiIo_API", "WatiIo_API\WatiIo_API.csproj", "{9E801D4C-2B8E-44BC-86B8-EDCCA806F7B9}"
EndProject
Project("{FAE04EC0-301F-11D3-BF4B-00C04F79EFBC}") = "TestSuite", "TestSuite\TestSuite.csproj", "{13C24E25-79DB-49ED-BAE5-9F67C6443301}"
EndProject
Project("{FAE04EC0-301F-11D3-BF4B-00C04F79EFBC}") = "Shared", "Shared\Shared.csproj", "{FA78EC06-C703-47AA-BEC7-6B3DC0EC3905}"
EndProject
Project("{2150E333-8FDC-42A3-9474-1A3956D46DE8}") = "WatiIo_FE", "WatiIo_FE", "{CAA213F5-9406-467B-932B-4D669F132693}"
	ProjectSection(SolutionItems) = preProject
		Index.html = Index.html
	EndProjectSection
EndProject
Global
	GlobalSection(SolutionConfigurationPlatforms) = preSolution
		Debug|Any CPU = Debug|Any CPU
		Release|Any CPU = Release|Any CPU
	EndGlobalSection
	GlobalSection(ProjectConfigurationPlatforms) = postSolution
		{9E801D4C-2B8E-44BC-86B8-EDCCA806F7B9}.Debug|Any CPU.ActiveCfg = Debug|Any CPU
		{9E801D4C-2B8E-44BC-86B8-EDCCA806F7B9}.Debug|Any CPU.Build.0 = Debug|Any CPU
		{9E801D4C-2B8E-44BC-86B8-EDCCA806F7B9}.Release|Any CPU.ActiveCfg = Release|Any CPU
		{9E801D4C-2B8E-44BC-86B8-EDCCA806F7B9}.Release|Any CPU.Build.0 = Release|Any CPU
		{13C24E25-79DB-49ED-BAE5-9F67C6443301}.Debug|Any CPU.ActiveCfg = Debug|Any CPU
		{13C24E25-79DB-49ED-BAE5-9F67C6443301}.Debug|Any CPU.Build.0 = Debug|Any CPU
		{13C24E25-79DB-49ED-BAE5-9F67C6443301}.Release|Any CPU.ActiveCfg = Release|Any CPU
		{13C24E25-79DB-49ED-BAE5-9F67C6443301}.Release|Any CPU.Build.0 = Release|Any CPU
		{FA78EC06-C703-47AA-BEC7-6B3DC0EC3905}.Debug|Any CPU.ActiveCfg = Debug|Any CPU
		{FA78EC06-C703-47AA-BEC7-6B3DC0EC3905}.Debug|Any CPU.Build.0 = Debug|Any CPU
		{FA78EC06-C703-47AA-BEC7-6B3DC0EC3905}.Release|Any CPU.ActiveCfg = Release|Any CPU
		{FA78EC06-C703-47AA-BEC7-6B3DC0EC3905}.Release|Any CPU.Build.0 = Release|Any CPU
	EndGlobalSection
	GlobalSection(SolutionProperties) = preSolution
		HideSolutionNode = FALSE
	EndGlobalSection
	GlobalSection(ExtensibilityGlobals) = postSolution
		SolutionGuid = {DEFE2C52-CA37-4338-AD1F-FD9B0468314D}
	EndGlobalSection
EndGlobal
